
Microsoft Visual Studio Solution File, Format Version 12.00
# Visual Studio Version 17
VisualStudioVersion = 17.9.34902.65
MinimumVisualStudioVersion = 10.0.40219.1
Project("{FAE04EC0-301F-11D3-BF4B-00C04F79EFBC}") = "Builder", "Builder\Builder\Builder.csproj", "{84F9D953-ED9C-424A-883C-D21B87F1067C}"
EndProject
Project("{FAE04EC0-301F-11D3-BF4B-00C04F79EFBC}") = "Factory", "Factory\Factory\Factory.csproj", "{C3E359BD-E050-42B3-ADD2-DBC035D3402A}"
EndProject
Project("{FAE04EC0-301F-11D3-BF4B-00C04F79EFBC}") = "Prototype", "Prototype\Prototype\Prototype.csproj", "{FB5BBDFD-1C93-4EC3-B9AC-0C7EA45F4847}"
EndProject
Project("{FAE04EC0-301F-11D3-BF4B-00C04F79EFBC}") = "Singleton", "Singleton\Singleton\Singleton.csproj", "{CE7DE552-7AA0-40AF-8D08-E10FCE32E427}"
EndProject
Project("{9A19103F-16F7-4668-BE54-9A1E7A4F7556}") = "Monostate", "Monostate\Monostate.csproj", "{2A30D3C5-B26B-4679-83CD-64DBF4381705}"
EndProject
Project("{9A19103F-16F7-4668-BE54-9A1E7A4F7556}") = "Multiton", "Multiton\Multiton.csproj", "{2A6446F8-3241-4239-AC9F-21BCB5087636}"
EndProject
Global
	GlobalSection(SolutionConfigurationPlatforms) = preSolution
		Debug|Any CPU = Debug|Any CPU
		Release|Any CPU = Release|Any CPU
	EndGlobalSection
	GlobalSection(ProjectConfigurationPlatforms) = postSolution
		{84F9D953-ED9C-424A-883C-D21B87F1067C}.Debug|Any CPU.ActiveCfg = Debug|Any CPU
		{84F9D953-ED9C-424A-883C-D21B87F1067C}.Debug|Any CPU.Build.0 = Debug|Any CPU
		{84F9D953-ED9C-424A-883C-D21B87F1067C}.Release|Any CPU.ActiveCfg = Release|Any CPU
		{84F9D953-ED9C-424A-883C-D21B87F1067C}.Release|Any CPU.Build.0 = Release|Any CPU
		{C3E359BD-E050-42B3-ADD2-DBC035D3402A}.Debug|Any CPU.ActiveCfg = Debug|Any CPU
		{C3E359BD-E050-42B3-ADD2-DBC035D3402A}.Debug|Any CPU.Build.0 = Debug|Any CPU
		{C3E359BD-E050-42B3-ADD2-DBC035D3402A}.Release|Any CPU.ActiveCfg = Release|Any CPU
		{C3E359BD-E050-42B3-ADD2-DBC035D3402A}.Release|Any CPU.Build.0 = Release|Any CPU
		{FB5BBDFD-1C93-4EC3-B9AC-0C7EA45F4847}.Debug|Any CPU.ActiveCfg = Debug|Any CPU
		{FB5BBDFD-1C93-4EC3-B9AC-0C7EA45F4847}.Debug|Any CPU.Build.0 = Debug|Any CPU
		{FB5BBDFD-1C93-4EC3-B9AC-0C7EA45F4847}.Release|Any CPU.ActiveCfg = Release|Any CPU
		{FB5BBDFD-1C93-4EC3-B9AC-0C7EA45F4847}.Release|Any CPU.Build.0 = Release|Any CPU
		{CE7DE552-7AA0-40AF-8D08-E10FCE32E427}.Debug|Any CPU.ActiveCfg = Debug|Any CPU
		{CE7DE552-7AA0-40AF-8D08-E10FCE32E427}.Debug|Any CPU.Build.0 = Debug|Any CPU
		{CE7DE552-7AA0-40AF-8D08-E10FCE32E427}.Release|Any CPU.ActiveCfg = Release|Any CPU
		{CE7DE552-7AA0-40AF-8D08-E10FCE32E427}.Release|Any CPU.Build.0 = Release|Any CPU
		{2A30D3C5-B26B-4679-83CD-64DBF4381705}.Debug|Any CPU.ActiveCfg = Debug|Any CPU
		{2A30D3C5-B26B-4679-83CD-64DBF4381705}.Debug|Any CPU.Build.0 = Debug|Any CPU
		{2A30D3C5-B26B-4679-83CD-64DBF4381705}.Release|Any CPU.ActiveCfg = Release|Any CPU
		{2A30D3C5-B26B-4679-83CD-64DBF4381705}.Release|Any CPU.Build.0 = Release|Any CPU
		{2A6446F8-3241-4239-AC9F-21BCB5087636}.Debug|Any CPU.ActiveCfg = Debug|Any CPU
		{2A6446F8-3241-4239-AC9F-21BCB5087636}.Debug|Any CPU.Build.0 = Debug|Any CPU
		{2A6446F8-3241-4239-AC9F-21BCB5087636}.Release|Any CPU.ActiveCfg = Release|Any CPU
		{2A6446F8-3241-4239-AC9F-21BCB5087636}.Release|Any CPU.Build.0 = Release|Any CPU
	EndGlobalSection
	GlobalSection(SolutionProperties) = preSolution
		HideSolutionNode = FALSE
	EndGlobalSection
	GlobalSection(ExtensibilityGlobals) = postSolution
		SolutionGuid = {736F060F-54BE-4D56-9157-B7789BB9F1C5}
	EndGlobalSection
EndGlobal
