
Microsoft Visual Studio Solution File, Format Version 12.00
# Visual Studio 2013
VisualStudioVersion = 12.0.40629.0
MinimumVisualStudioVersion = 10.0.40219.1
Project("{FAE04EC0-301F-11D3-BF4B-00C04F79EFBC}") = "Bridge", "Bridge\Bridge.csproj", "{FD89E81A-A910-468B-A211-A83E902A2CEA}"
EndProject
Global
	GlobalSection(SolutionConfigurationPlatforms) = preSolution
		Debug|Any CPU = Debug|Any CPU
		Release|Any CPU = Release|Any CPU
	EndGlobalSection
	GlobalSection(ProjectConfigurationPlatforms) = postSolution
		{FD89E81A-A910-468B-A211-A83E902A2CEA}.Debug|Any CPU.ActiveCfg = Debug|Any CPU
		{FD89E81A-A910-468B-A211-A83E902A2CEA}.Debug|Any CPU.Build.0 = Debug|Any CPU
		{FD89E81A-A910-468B-A211-A83E902A2CEA}.Release|Any CPU.ActiveCfg = Release|Any CPU
		{FD89E81A-A910-468B-A211-A83E902A2CEA}.Release|Any CPU.Build.0 = Release|Any CPU
	EndGlobalSection
	GlobalSection(SolutionProperties) = preSolution
		HideSolutionNode = FALSE
	EndGlobalSection
EndGlobal
